github.com/veandco/go-sdl2 v0.4.36 h1:Ltydev536rRQodmIrTWFZ3dRp5A+/6t5CYvbi4Kvia0=
github.com/veandco/go-sdl2 v0.4.36/go.mod h1:OROqMhHD43nT4/i9crJukyVecjPNYYuCofep6SNiAjY=
github.com/veandco/go-sdl2 v0.4.40 h1:fZv6wC3zz1Xt167P09gazawnpa0KY5LM7JAvKpX9d/U=
github.com/veandco/go-sdl2 v0.4.40/go.mod h1:OROqMhHD43nT4/i9crJukyVecjPNYYuCofep6SNiAjY=
